<?xml version="1.0" encoding="utf-8"?>
<Project ToolsVersion="4.0" xmlns="http://schemas.microsoft.com/developer/msbuild/2003">
  <ItemGroup>
    <Filter Include="Source Files">
      <UniqueIdentifier>{4FC737F1-C7A5-4376-A066-2A32D752A2FF}</UniqueIdentifier>
      <Extensions>cpp;c;cc;cxx;def;odl;idl;hpj;bat;asm;asmx</Extensions>
    </Filter>
    <Filter Include="Resource Files">
      <UniqueIdentifier>{67DA6AB6-F800-4c08-8B7A-83BB121AAD01}</UniqueIdentifier>
      <Extensions>rc;ico;cur;bmp;dlg;rc2;rct;bin;rgs;gif;jpg;jpeg;jpe;resx;tiff;tif;png;wav;mfcribbon-ms</Extensions>
    </Filter>
    <Filter Include="Shaders">
      <UniqueIdentifier>{bb56febc-cdc9-409b-8d3d-8d4a324355dd}</UniqueIdentifier>
    </Filter>
    <Filter Include="Models">
      <UniqueIdentifier>{27b7cd03-2229-4940-882d-137f2396d9a3}</UniqueIdentifier>
    </Filter>
    <Filter Include="Textures">
      <UniqueIdentifier>{f7c2c687-d7be-4907-a7bd-009f6828402e}</UniqueIdentifier>
    </Filter>
    <Filter Include="Entities">
      <UniqueIdentifier>{56872c08-87ee-4bfe-bfa6-856a2ddbec2b}</UniqueIdentifier>
    </Filter>
    <Filter Include="Rendering">
      <UniqueIdentifier>{81e73b05-554e-4f2f-a0c0-07178712dfed}</UniqueIdentifier>
    </Filter>
    <Filter Include="Terrain">
      <UniqueIdentifier>{6e49295d-93dd-4171-a53d-eb75f339ed45}</UniqueIdentifier>
    </Filter>
    <Filter Include="GUI">
      <UniqueIdentifier>{361ebade-f96a-408a-aafe-334448a34e81}</UniqueIdentifier>
    </Filter>
    <Filter Include="Skybox">
      <UniqueIdentifier>{a4d0d5a3-848c-44d8-993d-425947321d2a}</UniqueIdentifier>
    </Filter>
    <Filter Include="Water">
      <UniqueIdentifier>{4068c4b9-e7c4-47dc-b654-8ea71fda39a3}</UniqueIdentifier>
    </Filter>
    <Filter Include="Utils">
      <UniqueIdentifier>{93995380-89BD-4b04-88EB-625FBE52EBFB}</UniqueIdentifier>
      <Extensions>h;hh;hpp;hxx;hm;inl;inc;xsd</Extensions>
    </Filter>
    <Filter Include="Input">
      <UniqueIdentifier>{79473598-d473-45cb-a1a7-58c34b252771}</UniqueIdentifier>
    </Filter>
    <Filter Include="Fonts">
      <UniqueIdentifier>{9e221b02-5a50-4c1d-9f51-847956ed5813}</UniqueIdentifier>
    </Filter>
    <Filter Include="Fonts\FontMeshCreator">
      <UniqueIdentifier>{c4d650ab-381b-4338-9bc6-9719b30b9122}</UniqueIdentifier>
    </Filter>
    <Filter Include="Fonts\FontRendering">
      <UniqueIdentifier>{1619b58f-cb71-4ab5-9d27-78df8816ca6b}</UniqueIdentifier>
    </Filter>
    <Filter Include="Debug">
      <UniqueIdentifier>{08c24dfa-4b61-4ea8-bd51-a8c9635df757}</UniqueIdentifier>
    </Filter>
    <Filter Include="Skybox\Sun">
      <UniqueIdentifier>{2807626d-c458-4320-9daf-605f89646274}</UniqueIdentifier>
    </Filter>
  </ItemGroup>
  <ItemGroup>
    <ClCompile Include="Code\main.cpp">
      <Filter>Source Files</Filter>
    </ClCompile>
    <ClCompile Include="Code\texture.cpp">
      <Filter>Textures</Filter>
    </ClCompile>
    <ClCompile Include="Code\lodepng.cpp">
      <Filter>Utils</Filter>
    </ClCompile>
    <ClCompile Include="Code\PerlinNoise.cpp">
      <Filter>Utils</Filter>
    </ClCompile>
    <ClCompile Include="Code\GUIText.cpp">
      <Filter>Fonts\FontMeshCreator</Filter>
    </ClCompile>
    <ClCompile Include="Code\FontType.cpp">
      <Filter>Fonts\FontMeshCreator</Filter>
    </ClCompile>
    <ClCompile Include="Code\TextMaster.cpp">
      <Filter>Fonts\FontMeshCreator</Filter>
    </ClCompile>
    <ClCompile Include="Code\DebugConsole.cpp">
      <Filter>Debug</Filter>
    </ClCompile>
    <ClCompile Include="Code\GameInfo.cpp">
      <Filter>Utils</Filter>
    </ClCompile>
    <ClCompile Include="Code\Input.cpp">
      <Filter>Input</Filter>
    </ClCompile>
    <ClCompile Include="Code\ShaderBase.cpp">
      <Filter>Source Files</Filter>
    </ClCompile>
  </ItemGroup>
  <ItemGroup>
    <ClInclude Include="Code\Entity.h">
      <Filter>Entities</Filter>
    </ClInclude>
    <ClInclude Include="Code\EntityManager.h">
      <Filter>Entities</Filter>
    </ClInclude>
    <ClInclude Include="Code\Player.h">
      <Filter>Entities</Filter>
    </ClInclude>
    <ClInclude Include="Code\GUITexture.h">
      <Filter>GUI</Filter>
    </ClInclude>
    <ClInclude Include="Code\GUIRenderer.h">
      <Filter>GUI</Filter>
    </ClInclude>
    <ClInclude Include="Code\GUIShader.h">
      <Filter>GUI</Filter>
    </ClInclude>
    <ClInclude Include="Code\Input.h">
      <Filter>Input</Filter>
    </ClInclude>
    <ClInclude Include="Code\Camera.h">
      <Filter>Input</Filter>
    </ClInclude>
    <ClInclude Include="Code\RawModel.h">
      <Filter>Models</Filter>
    </ClInclude>
    <ClInclude Include="Code\TexturedModel.h">
      <Filter>Models</Filter>
    </ClInclude>
    <ClInclude Include="Code\MasterRenderer.h">
      <Filter>Rendering</Filter>
    </ClInclude>
    <ClInclude Include="Code\Renderer.h">
      <Filter>Rendering</Filter>
    </ClInclude>
    <ClInclude Include="Code\ShaderBase.h">
      <Filter>Shaders</Filter>
    </ClInclude>
    <ClInclude Include="Code\StaticShader.h">
      <Filter>Shaders</Filter>
    </ClInclude>
    <ClInclude Include="Code\SkyboxRenderer.h">
      <Filter>Skybox</Filter>
    </ClInclude>
    <ClInclude Include="Code\SkyboxShader.h">
      <Filter>Skybox</Filter>
    </ClInclude>
    <ClInclude Include="Code\HeightsGenerator.h">
      <Filter>Terrain</Filter>
    </ClInclude>
    <ClInclude Include="Code\Terrain.h">
      <Filter>Terrain</Filter>
    </ClInclude>
    <ClInclude Include="Code\TerrainManager.h">
      <Filter>Terrain</Filter>
    </ClInclude>
    <ClInclude Include="Code\TerrainRenderer.h">
      <Filter>Terrain</Filter>
    </ClInclude>
    <ClInclude Include="Code\TerrainShader.h">
      <Filter>Terrain</Filter>
    </ClInclude>
    <ClInclude Include="Code\TerrainTexture.h">
      <Filter>Terrain</Filter>
    </ClInclude>
    <ClInclude Include="Code\texture.h">
      <Filter>Textures</Filter>
    </ClInclude>
    <ClInclude Include="Code\ModelTexture.h">
      <Filter>Textures</Filter>
    </ClInclude>
    <ClInclude Include="Code\WaterFrameBuffer.h">
      <Filter>Water</Filter>
    </ClInclude>
    <ClInclude Include="Code\WaterRenderer.h">
      <Filter>Water</Filter>
    </ClInclude>
    <ClInclude Include="Code\WaterShader.h">
      <Filter>Water</Filter>
    </ClInclude>
    <ClInclude Include="Code\WaterTile.h">
      <Filter>Water</Filter>
    </ClInclude>
    <ClInclude Include="Code\ObjLoader.h">
      <Filter>Utils</Filter>
    </ClInclude>
    <ClInclude Include="Code\GameInfo.h">
      <Filter>Utils</Filter>
    </ClInclude>
    <ClInclude Include="Code\GL.h">
      <Filter>Utils</Filter>
    </ClInclude>
    <ClInclude Include="Code\Loader.h">
      <Filter>Utils</Filter>
    </ClInclude>
    <ClInclude Include="Code\lodepng.h">
      <Filter>Utils</Filter>
    </ClInclude>
    <ClInclude Include="Code\Maths.h">
      <Filter>Utils</Filter>
    </ClInclude>
    <ClInclude Include="Code\NonCopyable.h">
      <Filter>Utils</Filter>
    </ClInclude>
    <ClInclude Include="Code\PerlinNoise.h">
      <Filter>Utils</Filter>
    </ClInclude>
    <ClInclude Include="Code\FontCharacter.h">
      <Filter>Fonts\FontMeshCreator</Filter>
    </ClInclude>
    <ClInclude Include="Code\FontMetaFile.h">
      <Filter>Fonts\FontMeshCreator</Filter>
    </ClInclude>
    <ClInclude Include="Code\FontType.h">
      <Filter>Fonts\FontMeshCreator</Filter>
    </ClInclude>
    <ClInclude Include="Code\GUIText.h">
      <Filter>Fonts\FontMeshCreator</Filter>
    </ClInclude>
    <ClInclude Include="Code\TextLine.h">
      <Filter>Fonts\FontMeshCreator</Filter>
    </ClInclude>
    <ClInclude Include="Code\TextMeshCreator.h">
      <Filter>Fonts\FontMeshCreator</Filter>
    </ClInclude>
    <ClInclude Include="Code\TextMeshData.h">
      <Filter>Fonts\FontMeshCreator</Filter>
    </ClInclude>
    <ClInclude Include="Code\TextWord.h">
      <Filter>Fonts\FontMeshCreator</Filter>
    </ClInclude>
    <ClInclude Include="Code\FontRenderer.h">
      <Filter>Fonts\FontRendering</Filter>
    </ClInclude>
    <ClInclude Include="Code\FontShader.h">
      <Filter>Fonts\FontRendering</Filter>
    </ClInclude>
    <ClInclude Include="Code\TextMaster.h">
      <Filter>Fonts\FontRendering</Filter>
    </ClInclude>
    <ClInclude Include="Code\DebugConsole.h">
      <Filter>Debug</Filter>
    </ClInclude>
    <ClInclude Include="Code\StringUtils.h">
      <Filter>Utils</Filter>
    </ClInclude>
    <ClInclude Include="Code\SunShader.h">
      <Filter>Skybox\Sun</Filter>
    </ClInclude>
    <ClInclude Include="Code\SunRenderer.h">
      <Filter>Skybox\Sun</Filter>
    </ClInclude>
    <ClInclude Include="Code\Sun.h">
      <Filter>Skybox\Sun</Filter>
    </ClInclude>
  </ItemGroup>
  <ItemGroup>
    <None Include="Shaders\gui.fragmentshader">
      <Filter>GUI</Filter>
    </None>
    <None Include="Shaders\gui.vertexshader">
      <Filter>GUI</Filter>
    </None>
    <None Include="Shaders\skybox.vertexshader">
      <Filter>Skybox</Filter>
    </None>
    <None Include="Shaders\skybox.fragmentshader">
      <Filter>Skybox</Filter>
    </None>
    <None Include="Shaders\staticshader.vertexshader">
      <Filter>Entities</Filter>
    </None>
    <None Include="Shaders\staticshader.fragmentshader">
      <Filter>Entities</Filter>
    </None>
    <None Include="Shaders\terrain.fragmentshader">
      <Filter>Terrain</Filter>
    </None>
    <None Include="Shaders\terrain.vertexshader">
      <Filter>Terrain</Filter>
    </None>
    <None Include="Shaders\watershader.vertexshader">
      <Filter>Water</Filter>
    </None>
    <None Include="Shaders\watershader.fragmentshader">
      <Filter>Water</Filter>
    </None>
    <None Include="Shaders\font.vertexshader">
      <Filter>Fonts\FontRendering</Filter>
    </None>
    <None Include="Shaders\font.fragmentshader">
      <Filter>Fonts\FontRendering</Filter>
    </None>
    <None Include="Shaders\sun.vertexshader">
      <Filter>Skybox\Sun</Filter>
    </None>
    <None Include="Shaders\sun.fragmentshader">
      <Filter>Skybox\Sun</Filter>
    </None>
  </ItemGroup>
</Project>