<?xml version="1.0" encoding="utf-8"?>
<Project ToolsVersion="4.0" xmlns="http://schemas.microsoft.com/developer/msbuild/2003">
  <ItemGroup>
    <Filter Include="Source Files">
      <UniqueIdentifier>{4FC737F1-C7A5-4376-A066-2A32D752A2FF}</UniqueIdentifier>
      <Extensions>cpp;c;cc;cxx;def;odl;idl;hpj;bat;asm;asmx</Extensions>
    </Filter>
    <Filter Include="Header Files">
      <UniqueIdentifier>{93995380-89BD-4b04-88EB-625FBE52EBFB}</UniqueIdentifier>
      <Extensions>h;hh;hpp;hxx;hm;inl;inc;xsd</Extensions>
    </Filter>
    <Filter Include="Resource Files">
      <UniqueIdentifier>{67DA6AB6-F800-4c08-8B7A-83BB121AAD01}</UniqueIdentifier>
      <Extensions>rc;ico;cur;bmp;dlg;rc2;rct;bin;rgs;gif;jpg;jpeg;jpe;resx;tiff;tif;png;wav;mfcribbon-ms</Extensions>
    </Filter>
    <Filter Include="Shaders">
      <UniqueIdentifier>{bb56febc-cdc9-409b-8d3d-8d4a324355dd}</UniqueIdentifier>
    </Filter>
    <Filter Include="Models">
      <UniqueIdentifier>{27b7cd03-2229-4940-882d-137f2396d9a3}</UniqueIdentifier>
    </Filter>
    <Filter Include="Textures">
      <UniqueIdentifier>{f7c2c687-d7be-4907-a7bd-009f6828402e}</UniqueIdentifier>
    </Filter>
    <Filter Include="Entities">
      <UniqueIdentifier>{56872c08-87ee-4bfe-bfa6-856a2ddbec2b}</UniqueIdentifier>
    </Filter>
    <Filter Include="Rendering">
      <UniqueIdentifier>{81e73b05-554e-4f2f-a0c0-07178712dfed}</UniqueIdentifier>
    </Filter>
    <Filter Include="Terrain">
      <UniqueIdentifier>{6e49295d-93dd-4171-a53d-eb75f339ed45}</UniqueIdentifier>
    </Filter>
  </ItemGroup>
  <ItemGroup>
    <ClCompile Include="main.cpp">
      <Filter>Source Files</Filter>
    </ClCompile>
    <ClCompile Include="texture.cpp">
      <Filter>Textures</Filter>
    </ClCompile>
    <ClCompile Include="lodepng.cpp">
      <Filter>Header Files</Filter>
    </ClCompile>
  </ItemGroup>
  <ItemGroup>
    <ClInclude Include="Loader.h">
      <Filter>Header Files</Filter>
    </ClInclude>
    <ClInclude Include="ShaderBase.h">
      <Filter>Header Files</Filter>
    </ClInclude>
    <ClInclude Include="StaticShader.h">
      <Filter>Shaders</Filter>
    </ClInclude>
    <ClInclude Include="RawModel.h">
      <Filter>Models</Filter>
    </ClInclude>
    <ClInclude Include="texture.h">
      <Filter>Textures</Filter>
    </ClInclude>
    <ClInclude Include="ModelTexture.h">
      <Filter>Textures</Filter>
    </ClInclude>
    <ClInclude Include="TexturedModel.h">
      <Filter>Models</Filter>
    </ClInclude>
    <ClInclude Include="Entity.h">
      <Filter>Entities</Filter>
    </ClInclude>
    <ClInclude Include="Maths.h">
      <Filter>Header Files</Filter>
    </ClInclude>
    <ClInclude Include="Camera.h">
      <Filter>Header Files</Filter>
    </ClInclude>
    <ClInclude Include="GameInfo.h">
      <Filter>Header Files</Filter>
    </ClInclude>
    <ClInclude Include="ObjLoader.h">
      <Filter>Models</Filter>
    </ClInclude>
    <ClInclude Include="Light.h">
      <Filter>Entities</Filter>
    </ClInclude>
    <ClInclude Include="Renderer.h">
      <Filter>Rendering</Filter>
    </ClInclude>
    <ClInclude Include="MasterRenderer.h">
      <Filter>Rendering</Filter>
    </ClInclude>
    <ClInclude Include="Terrain.h">
      <Filter>Terrain</Filter>
    </ClInclude>
    <ClInclude Include="TerrainShader.h">
      <Filter>Shaders</Filter>
    </ClInclude>
    <ClInclude Include="TerrainRenderer.h">
      <Filter>Rendering</Filter>
    </ClInclude>
    <ClInclude Include="lodepng.h">
      <Filter>Header Files</Filter>
    </ClInclude>
    <ClInclude Include="TerrainTexture.h">
      <Filter>Textures</Filter>
    </ClInclude>
    <ClInclude Include="HeightsGenerator.h">
      <Filter>Terrain</Filter>
    </ClInclude>
  </ItemGroup>
  <ItemGroup>
    <None Include="Shaders\fragmentShader.fragmentshader">
      <Filter>Shaders</Filter>
    </None>
    <None Include="Shaders\vertexShader.vertexshader">
      <Filter>Shaders</Filter>
    </None>
    <None Include="Shaders\terrain.fragmentshader">
      <Filter>Shaders</Filter>
    </None>
    <None Include="Shaders\terrain.vertexshader">
      <Filter>Shaders</Filter>
    </None>
  </ItemGroup>
</Project>